// !$*UTF8*$!
{
	archiveVersion = 1;
	classes = {
	};
	objectVersion = 52;
	objects = {

/* Begin PBXBuildFile section */
		CECD335D23A794D100C5B4A8 /* AppDelegate.swift in Sources */ = {isa = PBXBuildFile; fileRef = CECD335C23A794D100C5B4A8 /* AppDelegate.swift */; };
		CECD335F23A794D100C5B4A8 /* SceneDelegate.swift in Sources */ = {isa = PBXBuildFile; fileRef = CECD335E23A794D100C5B4A8 /* SceneDelegate.swift */; };
		CECD336323A794D200C5B4A8 /* Assets.xcassets in Resources */ = {isa = PBXBuildFile; fileRef = CECD336223A794D200C5B4A8 /* Assets.xcassets */; };
		CECD336623A794D200C5B4A8 /* Preview Assets.xcassets in Resources */ = {isa = PBXBuildFile; fileRef = CECD336523A794D200C5B4A8 /* Preview Assets.xcassets */; };
		CECD336923A794D200C5B4A8 /* LaunchScreen.storyboard in Resources */ = {isa = PBXBuildFile; fileRef = CECD336723A794D200C5B4A8 /* LaunchScreen.storyboard */; };
		CECD337123A7954500C5B4A8 /* MainView.swift in Sources */ = {isa = PBXBuildFile; fileRef = CECD337023A7954500C5B4A8 /* MainView.swift */; };
		CECD337323A7955700C5B4A8 /* LanguageListView.swift in Sources */ = {isa = PBXBuildFile; fileRef = CECD337223A7955700C5B4A8 /* LanguageListView.swift */; };
		CECD337623A7958F00C5B4A8 /* BetterSheet in Frameworks */ = {isa = PBXBuildFile; productRef = CECD337523A7958F00C5B4A8 /* BetterSheet */; };
		CECD337823A7D64400C5B4A8 /* HelloView.swift in Sources */ = {isa = PBXBuildFile; fileRef = CECD337723A7D64400C5B4A8 /* HelloView.swift */; };
		CECD337A23A7D65B00C5B4A8 /* AboutView.swift in Sources */ = {isa = PBXBuildFile; fileRef = CECD337923A7D65B00C5B4A8 /* AboutView.swift */; };
		CECD337C23A7DB4D00C5B4A8 /* FilterView.swift in Sources */ = {isa = PBXBuildFile; fileRef = CECD337B23A7DB4D00C5B4A8 /* FilterView.swift */; };
		CECD337E23A7DB9B00C5B4A8 /* LanguageEmojiView.swift in Sources */ = {isa = PBXBuildFile; fileRef = CECD337D23A7DB9B00C5B4A8 /* LanguageEmojiView.swift */; };
/* End PBXBuildFile section */

/* Begin PBXFileReference section */
		CECD335923A794D100C5B4A8 /* OtusSwiftUI.app */ = {isa = PBXFileReference; explicitFileType = wrapper.application; includeInIndex = 0; path = OtusSwiftUI.app; sourceTree = BUILT_PRODUCTS_DIR; };
		CECD335C23A794D100C5B4A8 /* AppDelegate.swift */ = {isa = PBXFileReference; lastKnownFileType = sourcecode.swift; path = AppDelegate.swift; sourceTree = "<group>"; };
		CECD335E23A794D100C5B4A8 /* SceneDelegate.swift */ = {isa = PBXFileReference; lastKnownFileType = sourcecode.swift; path = SceneDelegate.swift; sourceTree = "<group>"; };
		CECD336223A794D200C5B4A8 /* Assets.xcassets */ = {isa = PBXFileReference; lastKnownFileType = folder.assetcatalog; path = Assets.xcassets; sourceTree = "<group>"; };
		CECD336523A794D200C5B4A8 /* Preview Assets.xcassets */ = {isa = PBXFileReference; lastKnownFileType = folder.assetcatalog; path = "Preview Assets.xcassets"; sourceTree = "<group>"; };
		CECD336823A794D200C5B4A8 /* Base */ = {isa = PBXFileReference; lastKnownFileType = file.storyboard; name = Base; path = Base.lproj/LaunchScreen.storyboard; sourceTree = "<group>"; };
		CECD336A23A794D200C5B4A8 /* Info.plist */ = {isa = PBXFileReference; lastKnownFileType = text.plist.xml; path = Info.plist; sourceTree = "<group>"; };
		CECD337023A7954500C5B4A8 /* MainView.swift */ = {isa = PBXFileReference; fileEncoding = 4; lastKnownFileType = sourcecode.swift; path = MainView.swift; sourceTree = "<group>"; };
		CECD337223A7955700C5B4A8 /* LanguageListView.swift */ = {isa = PBXFileReference; fileEncoding = 4; lastKnownFileType = sourcecode.swift; path = LanguageListView.swift; sourceTree = "<group>"; };
		CECD337723A7D64400C5B4A8 /* HelloView.swift */ = {isa = PBXFileReference; lastKnownFileType = sourcecode.swift; path = HelloView.swift; sourceTree = "<group>"; };
		CECD337923A7D65B00C5B4A8 /* AboutView.swift */ = {isa = PBXFileReference; lastKnownFileType = sourcecode.swift; path = AboutView.swift; sourceTree = "<group>"; };
		CECD337B23A7DB4D00C5B4A8 /* FilterView.swift */ = {isa = PBXFileReference; lastKnownFileType = sourcecode.swift; path = FilterView.swift; sourceTree = "<group>"; };
		CECD337D23A7DB9B00C5B4A8 /* LanguageEmojiView.swift */ = {isa = PBXFileReference; lastKnownFileType = sourcecode.swift; path = LanguageEmojiView.swift; sourceTree = "<group>"; };
/* End PBXFileReference section */

/* Begin PBXFrameworksBuildPhase section */
		CECD335623A794D100C5B4A8 /* Frameworks */ = {
			isa = PBXFrameworksBuildPhase;
			buildActionMask = 2147483647;
			files = (
				CECD337623A7958F00C5B4A8 /* BetterSheet in Frameworks */,
			);
			runOnlyForDeploymentPostprocessing = 0;
		};
/* End PBXFrameworksBuildPhase section */

/* Begin PBXGroup section */
		CECD335023A794D100C5B4A8 = {
			isa = PBXGroup;
			children = (
				CECD335B23A794D100C5B4A8 /* OtusSwiftUI */,
				CECD335A23A794D100C5B4A8 /* Products */,
			);
			sourceTree = "<group>";
		};
		CECD335A23A794D100C5B4A8 /* Products */ = {
			isa = PBXGroup;
			children = (
				CECD335923A794D100C5B4A8 /* OtusSwiftUI.app */,
			);
			name = Products;
			sourceTree = "<group>";
		};
		CECD335B23A794D100C5B4A8 /* OtusSwiftUI */ = {
			isa = PBXGroup;
			children = (
				CECD337223A7955700C5B4A8 /* LanguageListView.swift */,
				CECD337023A7954500C5B4A8 /* MainView.swift */,
				CECD335C23A794D100C5B4A8 /* AppDelegate.swift */,
				CECD335E23A794D100C5B4A8 /* SceneDelegate.swift */,
				CECD336223A794D200C5B4A8 /* Assets.xcassets */,
				CECD336723A794D200C5B4A8 /* LaunchScreen.storyboard */,
				CECD336A23A794D200C5B4A8 /* Info.plist */,
				CECD336423A794D200C5B4A8 /* Preview Content */,
				CECD337723A7D64400C5B4A8 /* HelloView.swift */,
				CECD337923A7D65B00C5B4A8 /* AboutView.swift */,
				CECD337B23A7DB4D00C5B4A8 /* FilterView.swift */,
				CECD337D23A7DB9B00C5B4A8 /* LanguageEmojiView.swift */,
			);
			path = OtusSwiftUI;
			sourceTree = "<group>";
		};
		CECD336423A794D200C5B4A8 /* Preview Content */ = {
			isa = PBXGroup;
			children = (
				CECD336523A794D200C5B4A8 /* Preview Assets.xcassets */,
			);
			path = "Preview Content";
			sourceTree = "<group>";
		};
/* End PBXGroup section */

/* Begin PBXNativeTarget section */
		CECD335823A794D100C5B4A8 /* OtusSwiftUI */ = {
			isa = PBXNativeTarget;
			buildConfigurationList = CECD336D23A794D200C5B4A8 /* Build configuration list for PBXNativeTarget "OtusSwiftUI" */;
			buildPhases = (
				CECD335523A794D100C5B4A8 /* Sources */,
				CECD335623A794D100C5B4A8 /* Frameworks */,
				CECD335723A794D100C5B4A8 /* Resources */,
			);
			buildRules = (
			);
			dependencies = (
			);
			name = OtusSwiftUI;
			packageProductDependencies = (
				CECD337523A7958F00C5B4A8 /* BetterSheet */,
			);
			productName = OtusSwiftUI;
			productReference = CECD335923A794D100C5B4A8 /* OtusSwiftUI.app */;
			productType = "com.apple.product-type.application";
		};
/* End PBXNativeTarget section */

/* Begin PBXProject section */
		CECD335123A794D100C5B4A8 /* Project object */ = {
			isa = PBXProject;
			attributes = {
				LastSwiftUpdateCheck = 1120;
				LastUpgradeCheck = 1120;
				ORGANIZATIONNAME = user;
				TargetAttributes = {
					CECD335823A794D100C5B4A8 = {
						CreatedOnToolsVersion = 11.2.1;
					};
				};
			};
			buildConfigurationList = CECD335423A794D100C5B4A8 /* Build configuration list for PBXProject "OtusSwiftUI" */;
			compatibilityVersion = "Xcode 9.3";
			developmentRegion = en;
			hasScannedForEncodings = 0;
			knownRegions = (
				en,
				Base,
			);
			mainGroup = CECD335023A794D100C5B4A8;
			packageReferences = (
				CECD337423A7958F00C5B4A8 /* XCRemoteSwiftPackageReference "BetterSheet" */,
			);
			productRefGroup = CECD335A23A794D100C5B4A8 /* Products */;
			projectDirPath = "";
			projectRoot = "";
			targets = (
				CECD335823A794D100C5B4A8 /* OtusSwiftUI */,
			);
		};
/* End PBXProject section */

/* Begin PBXResourcesBuildPhase section */
		CECD335723A794D100C5B4A8 /* Resources */ = {
			isa = PBXResourcesBuildPhase;
			buildActionMask = 2147483647;
			files = (
				CECD336923A794D200C5B4A8 /* LaunchScreen.storyboard in Resources */,
				CECD336623A794D200C5B4A8 /* Preview Assets.xcassets in Resources */,
				CECD336323A794D200C5B4A8 /* Assets.xcassets in Resources */,
			);
			runOnlyForDeploymentPostprocessing = 0;
		};
/* End PBXResourcesBuildPhase section */

/* Begin PBXSourcesBuildPhase section */
		CECD335523A794D100C5B4A8 /* Sources */ = {
			isa = PBXSourcesBuildPhase;
			buildActionMask = 2147483647;
			files = (
				CECD337C23A7DB4D00C5B4A8 /* FilterView.swift in Sources */,
				CECD335D23A794D100C5B4A8 /* AppDelegate.swift in Sources */,
				CECD337123A7954500C5B4A8 /* MainView.swift in Sources */,
				CECD337323A7955700C5B4A8 /* LanguageListView.swift in Sources */,
				CECD337823A7D64400C5B4A8 /* HelloView.swift in Sources */,
				CECD337E23A7DB9B00C5B4A8 /* LanguageEmojiView.swift in Sources */,
				CECD337A23A7D65B00C5B4A8 /* AboutView.swift in Sources */,
				CECD335F23A794D100C5B4A8 /* SceneDelegate.swift in Sources */,
			);
			runOnlyForDeploymentPostprocessing = 0;
		};
/* End PBXSourcesBuildPhase section */

/* Begin PBXVariantGroup section */
		CECD336723A794D200C5B4A8 /* LaunchScreen.storyboard */ = {
			isa = PBXVariantGroup;
			children = (
				CECD336823A794D200C5B4A8 /* Base */,
			);
			name = LaunchScreen.storyboard;
			sourceTree = "<group>";
		};
/* End PBXVariantGroup section */

/* Begin XCBuildConfiguration section */
		CECD336B23A794D200C5B4A8 /* Debug */ = {
			isa = XCBuildConfiguration;
			buildSettings = {
				ALWAYS_SEARCH_USER_PATHS = NO;
				CLANG_ANALYZER_NONNULL = YES;
				CLANG_ANALYZER_NUMBER_OBJECT_CONVERSION = YES_AGGRESSIVE;
				CLANG_CXX_LANGUAGE_STANDARD = "gnu++14";
				CLANG_CXX_LIBRARY = "libc++";
				CLANG_ENABLE_MODULES = YES;
				CLANG_ENABLE_OBJC_ARC = YES;
				CLANG_ENABLE_OBJC_WEAK = YES;
				CLANG_WARN_BLOCK_CAPTURE_AUTORELEASING = YES;
				CLANG_WARN_BOOL_CONVERSION = YES;
				CLANG_WARN_COMMA = YES;
				CLANG_WARN_CONSTANT_CONVERSION = YES;
				CLANG_WARN_DEPRECATED_OBJC_IMPLEMENTATIONS = YES;
				CLANG_WARN_DIRECT_OBJC_ISA_USAGE = YES_ERROR;
				CLANG_WARN_DOCUMENTATION_COMMENTS = YES;
				CLANG_WARN_EMPTY_BODY = YES;
				CLANG_WARN_ENUM_CONVERSION = YES;
				CLANG_WARN_INFINITE_RECURSION = YES;
				CLANG_WARN_INT_CONVERSION = YES;
				CLANG_WARN_NON_LITERAL_NULL_CONVERSION = YES;
				CLANG_WARN_OBJC_IMPLICIT_RETAIN_SELF = YES;
				CLANG_WARN_OBJC_LITERAL_CONVERSION = YES;
				CLANG_WARN_OBJC_ROOT_CLASS = YES_ERROR;
				CLANG_WARN_RANGE_LOOP_ANALYSIS = YES;
				CLANG_WARN_STRICT_PROTOTYPES = YES;
				CLANG_WARN_SUSPICIOUS_MOVE = YES;
				CLANG_WARN_UNGUARDED_AVAILABILITY = YES_AGGRESSIVE;
				CLANG_WARN_UNREACHABLE_CODE = YES;
				CLANG_WARN__DUPLICATE_METHOD_MATCH = YES;
				COPY_PHASE_STRIP = NO;
				DEBUG_INFORMATION_FORMAT = dwarf;
				ENABLE_STRICT_OBJC_MSGSEND = YES;
				ENABLE_TESTABILITY = YES;
				GCC_C_LANGUAGE_STANDARD = gnu11;
				GCC_DYNAMIC_NO_PIC = NO;
				GCC_NO_COMMON_BLOCKS = YES;
				GCC_OPTIMIZATION_LEVEL = 0;
				GCC_PREPROCESSOR_DEFINITIONS = (
					"DEBUG=1",
					"$(inherited)",
				);
				GCC_WARN_64_TO_32_BIT_CONVERSION = YES;
				GCC_WARN_ABOUT_RETURN_TYPE = YES_ERROR;
				GCC_WARN_UNDECLARED_SELECTOR = YES;
				GCC_WARN_UNINITIALIZED_AUTOS = YES_AGGRESSIVE;
				GCC_WARN_UNUSED_FUNCTION = YES;
				GCC_WARN_UNUSED_VARIABLE = YES;
				IPHONEOS_DEPLOYMENT_TARGET = 13.2;
				MTL_ENABLE_DEBUG_INFO = INCLUDE_SOURCE;
				MTL_FAST_MATH = YES;
				ONLY_ACTIVE_ARCH = YES;
				SDKROOT = iphoneos;
				SWIFT_ACTIVE_COMPILATION_CONDITIONS = DEBUG;
				SWIFT_OPTIMIZATION_LEVEL = "-Onone";
			};
			name = Debug;
		};
		CECD336C23A794D200C5B4A8 /* Release */ = {
			isa = XCBuildConfiguration;
			buildSettings = {
				ALWAYS_SEARCH_USER_PATHS = NO;
				CLANG_ANALYZER_NONNULL = YES;
				CLANG_ANALYZER_NUMBER_OBJECT_CONVERSION = YES_AGGRESSIVE;
				CLANG_CXX_LANGUAGE_STANDARD = "gnu++14";
				CLANG_CXX_LIBRARY = "libc++";
				CLANG_ENABLE_MODULES = YES;
				CLANG_ENABLE_OBJC_ARC = YES;
				CLANG_ENABLE_OBJC_WEAK = YES;
				CLANG_WARN_BLOCK_CAPTURE_AUTORELEASING = YES;
				CLANG_WARN_BOOL_CONVERSION = YES;
				CLANG_WARN_COMMA = YES;
				CLANG_WARN_CONSTANT_CONVERSION = YES;
				CLANG_WARN_DEPRECATED_OBJC_IMPLEMENTATIONS = YES;
				CLANG_WARN_DIRECT_OBJC_ISA_USAGE = YES_ERROR;
				CLANG_WARN_DOCUMENTATION_COMMENTS = YES;
				CLANG_WARN_EMPTY_BODY = YES;
				CLANG_WARN_ENUM_CONVERSION = YES;
				CLANG_WARN_INFINITE_RECURSION = YES;
				CLANG_WARN_INT_CONVERSION = YES;
				CLANG_WARN_NON_LITERAL_NULL_CONVERSION = YES;
				CLANG_WARN_OBJC_IMPLICIT_RETAIN_SELF = YES;
				CLANG_WARN_OBJC_LITERAL_CONVERSION = YES;
				CLANG_WARN_OBJC_ROOT_CLASS = YES_ERROR;
				CLANG_WARN_RANGE_LOOP_ANALYSIS = YES;
				CLANG_WARN_STRICT_PROTOTYPES = YES;
				CLANG_WARN_SUSPICIOUS_MOVE = YES;
				CLANG_WARN_UNGUARDED_AVAILABILITY = YES_AGGRESSIVE;
				CLANG_WARN_UNREACHABLE_CODE = YES;
				CLANG_WARN__DUPLICATE_METHOD_MATCH = YES;
				COPY_PHASE_STRIP = NO;
				DEBUG_INFORMATION_FORMAT = "dwarf-with-dsym";
				ENABLE_NS_ASSERTIONS = NO;
				ENABLE_STRICT_OBJC_MSGSEND = YES;
				GCC_C_LANGUAGE_STANDARD = gnu11;
				GCC_NO_COMMON_BLOCKS = YES;
				GCC_WARN_64_TO_32_BIT_CONVERSION = YES;
				GCC_WARN_ABOUT_RETURN_TYPE = YES_ERROR;
				GCC_WARN_UNDECLARED_SELECTOR = YES;
				GCC_WARN_UNINITIALIZED_AUTOS = YES_AGGRESSIVE;
				GCC_WARN_UNUSED_FUNCTION = YES;
				GCC_WARN_UNUSED_VARIABLE = YES;
				IPHONEOS_DEPLOYMENT_TARGET = 13.2;
				MTL_ENABLE_DEBUG_INFO = NO;
				MTL_FAST_MATH = YES;
				SDKROOT = iphoneos;
				SWIFT_COMPILATION_MODE = wholemodule;
				SWIFT_OPTIMIZATION_LEVEL = "-O";
				VALIDATE_PRODUCT = YES;
			};
			name = Release;
		};
		CECD336E23A794D200C5B4A8 /* Debug */ = {
			isa = XCBuildConfiguration;
			buildSettings = {
				ASSETCATALOG_COMPILER_APPICON_NAME = AppIcon;
				CODE_SIGN_STYLE = Automatic;
				DEVELOPMENT_ASSET_PATHS = "\"OtusSwiftUI/Preview Content\"";
				ENABLE_PREVIEWS = YES;
				INFOPLIST_FILE = OtusSwiftUI/Info.plist;
				LD_RUNPATH_SEARCH_PATHS = (
					"$(inherited)",
					"@executable_path/Frameworks",
				);
				PRODUCT_BUNDLE_IDENTIFIER = ru.gochachko.pavel.OtusSwiftUI;
				PRODUCT_NAME = "$(TARGET_NAME)";
				SWIFT_VERSION = 5.0;
				TARGETED_DEVICE_FAMILY = "1,2";
			};
			name = Debug;
		};
		CECD336F23A794D200C5B4A8 /* Release */ = {
			isa = XCBuildConfiguration;
			buildSettings = {
				ASSETCATALOG_COMPILER_APPICON_NAME = AppIcon;
				CODE_SIGN_STYLE = Automatic;
				DEVELOPMENT_ASSET_PATHS = "\"OtusSwiftUI/Preview Content\"";
				ENABLE_PREVIEWS = YES;
				INFOPLIST_FILE = OtusSwiftUI/Info.plist;
				LD_RUNPATH_SEARCH_PATHS = (
					"$(inherited)",
					"@executable_path/Frameworks",
				);
				PRODUCT_BUNDLE_IDENTIFIER = ru.gochachko.pavel.OtusSwiftUI;
				PRODUCT_NAME = "$(TARGET_NAME)";
				SWIFT_VERSION = 5.0;
				TARGETED_DEVICE_FAMILY = "1,2";
			};
			name = Release;
		};
/* End XCBuildConfiguration section */

/* Begin XCConfigurationList section */
		CECD335423A794D100C5B4A8 /* Build configuration list for PBXProject "OtusSwiftUI" */ = {
			isa = XCConfigurationList;
			buildConfigurations = (
				CECD336B23A794D200C5B4A8 /* Debug */,
				CECD336C23A794D200C5B4A8 /* Release */,
			);
			defaultConfigurationIsVisible = 0;
			defaultConfigurationName = Release;
		};
		CECD336D23A794D200C5B4A8 /* Build configuration list for PBXNativeTarget "OtusSwiftUI" */ = {
			isa = XCConfigurationList;
			buildConfigurations = (
				CECD336E23A794D200C5B4A8 /* Debug */,
				CECD336F23A794D200C5B4A8 /* Release */,
			);
			defaultConfigurationIsVisible = 0;
			defaultConfigurationName = Release;
		};
/* End XCConfigurationList section */

/* Begin XCRemoteSwiftPackageReference section */
		CECD337423A7958F00C5B4A8 /* XCRemoteSwiftPackageReference "BetterSheet" */ = {
			isa = XCRemoteSwiftPackageReference;
			repositoryURL = "https://github.com/egeniq/BetterSheet";
			requirement = {
				kind = upToNextMajorVersion;
				minimumVersion = 1.0.0;
			};
		};
/* End XCRemoteSwiftPackageReference section */

/* Begin XCSwiftPackageProductDependency section */
		CECD337523A7958F00C5B4A8 /* BetterSheet */ = {
			isa = XCSwiftPackageProductDependency;
			package = CECD337423A7958F00C5B4A8 /* XCRemoteSwiftPackageReference "BetterSheet" */;
			productName = BetterSheet;
		};
/* End XCSwiftPackageProductDependency section */
	};
	rootObject = CECD335123A794D100C5B4A8 /* Project object */;
}
